// !$*UTF8*$!
{
	archiveVersion = 1;
	classes = {
	};
	objectVersion = 77;
	objects = {

/* Begin PBXContainerItemProxy section */
		1EB5104C2DE0A0CB00B2E978 /* PBXContainerItemProxy */ = {
			isa = PBXContainerItemProxy;
			containerPortal = 1EB510362DE0A0C800B2E978 /* Project object */;
			proxyType = 1;
			remoteGlobalIDString = 1EB5103D2DE0A0C800B2E978;
			remoteInfo = GenericNavigation;
		};
		1EB510562DE0A0CB00B2E978 /* PBXContainerItemProxy */ = {
			isa = PBXContainerItemProxy;
			containerPortal = 1EB510362DE0A0C800B2E978 /* Project object */;
			proxyType = 1;
			remoteGlobalIDString = 1EB5103D2DE0A0C800B2E978;
			remoteInfo = GenericNavigation;
		};
/* End PBXContainerItemProxy section */

/* Begin PBXFileReference section */
		1E285A572DE4A887004959D1 /* GenericNavigation.app */ = {isa = PBXFileReference; explicitFileType = wrapper.application; includeInIndex = 0; path = GenericNavigation.app; sourceTree = BUILT_PRODUCTS_DIR; };
		1E285A582DE4A887004959D1 /* GenericNavigationTests.xctest */ = {isa = PBXFileReference; explicitFileType = wrapper.cfbundle; includeInIndex = 0; path = GenericNavigationTests.xctest; sourceTree = BUILT_PRODUCTS_DIR; };
		1E285A592DE4A887004959D1 /* GenericNavigationUITests.xctest */ = {isa = PBXFileReference; explicitFileType = wrapper.cfbundle; includeInIndex = 0; path = GenericNavigationUITests.xctest; sourceTree = BUILT_PRODUCTS_DIR; };
/* End PBXFileReference section */

/* Begin PBXFileSystemSynchronizedBuildFileExceptionSet section */
		1E92C12D2DE49BF800A87642 /* Exceptions for "GenericNavigation" folder in "GenericNavigation" target */ = {
			isa = PBXFileSystemSynchronizedBuildFileExceptionSet;
			membershipExceptions = (
				Info.plist,
			);
			target = 1EB5103D2DE0A0C800B2E978 /* GenericNavigation */;
		};
		1E92C1362DE49D0400A87642 /* Exceptions for "Tests" folder in "GenericNavigationTests" target */ = {
			isa = PBXFileSystemSynchronizedBuildFileExceptionSet;
			membershipExceptions = (
				UnitTests/GenericNavigationTests.swift,
			);
			target = 1EB5104A2DE0A0CB00B2E978 /* GenericNavigationTests */;
		};
		1E92C1382DE49D2500A87642 /* Exceptions for "Tests" folder in "GenericNavigationUITests" target */ = {
			isa = PBXFileSystemSynchronizedBuildFileExceptionSet;
			membershipExceptions = (
				UITests/GenericNavigationUITests.swift,
				UITests/GenericNavigationUITestsLaunchTests.swift,
			);
			target = 1EB510542DE0A0CB00B2E978 /* GenericNavigationUITests */;
		};
		1EB514AD2DE0B08D00B2E978 /* Exceptions for "Root" folder in "GenericNavigation" target */ = {
			isa = PBXFileSystemSynchronizedBuildFileExceptionSet;
			membershipExceptions = (
				AppDelegate.swift,
				AppEnvironment.swift,
				GenericNavigationApp.swift,
			);
			target = 1EB5103D2DE0A0C800B2E978 /* GenericNavigation */;
		};
		1EB514B32DE0B12800B2E978 /* Exceptions for "Features" folder in "GenericNavigation" target */ = {
			isa = PBXFileSystemSynchronizedBuildFileExceptionSet;
			membershipExceptions = (
				Onboarding/OnboardingFlow.swift,
				Onboarding/OnboardingStep.swift,
				Onboarding/OnboardingStepView.swift,
				Tabs/Home/DetailViews/CategoryView.swift,
				Tabs/Home/DetailViews/CategoryViewModel.swift,
				Tabs/Home/DetailViews/EmptyStateView.swift,
				Tabs/Home/DetailViews/FeaturedView.swift,
				Tabs/Home/DetailViews/ItemRow.swift,
				Tabs/Home/DetailViews/NewItemView.swift,
				Tabs/Home/DetailViews/QuickAddView.swift,
				Tabs/Home/DetailViews/ShareItemView.swift,
				Tabs/Home/HomeNavigationView.swift,
				Tabs/Home/HomeView.swift,
				Tabs/Home/HomeViewModel.swift,
				Tabs/MainTabView.swift,
				Tabs/Profile/DetailViews/AchievementsView.swift,
				Tabs/Profile/DetailViews/ChangePhotoView.swift,
				Tabs/Profile/DetailViews/DetailView.swift,
				Tabs/Profile/DetailViews/EditProfileSheet.swift,
				Tabs/Profile/DetailViews/EditProfileView.swift,
				Tabs/Profile/DetailViews/FollowersView.swift,
				Tabs/Profile/DetailViews/FollowingView.swift,
				Tabs/Profile/DetailViews/ProfileSettingsView.swift,
				Tabs/Profile/DetailViews/ShareProfileView.swift,
				Tabs/Profile/ProfileNavigationView.swift,
				Tabs/Profile/ProfileView.swift,
				Tabs/Profile/ProfileViewModel.swift,
				Tabs/RootView.swift,
				Tabs/Search/DetailViews/AdvancedSearchView.swift,
				Tabs/Search/DetailViews/SaveSearchView.swift,
				Tabs/Search/DetailViews/SearchBar.swift,
				Tabs/Search/DetailViews/SearchFiltersSheet.swift,
				Tabs/Search/DetailViews/SearchFiltersView.swift,
				Tabs/Search/DetailViews/SearchResultsView.swift,
				Tabs/Search/SearchNavigationView.swift,
				Tabs/Search/SearchView.swift,
				Tabs/Search/SearchViewModel.swift,
				Tabs/Settings/DetailViews/AccountSettingsView.swift,
				Tabs/Settings/DetailViews/AppearanceSettingsView.swift,
				Tabs/Settings/DetailViews/DebugSettingView.swift,
				Tabs/Settings/DetailViews/DeleteAccountView.swift,
				Tabs/Settings/DetailViews/ExportDataView.swift,
				Tabs/Settings/DetailViews/NotificationSettingsView.swift,
				Tabs/Settings/DetailViews/PremiumView.swift,
				Tabs/Settings/DetailViews/PrivacySettingsView.swift,
				Tabs/Settings/SettingsNavigationView.swift,
				Tabs/Settings/SettingView.swift,
				Tabs/Settings/SettingViewModel.swift,
				Tabs/TabItem.swift,
				Tabs/ViewModel.swift,
			);
			target = 1EB5103D2DE0A0C800B2E978 /* GenericNavigation */;
		};
		1EB514E62DE0B42700B2E978 /* Exceptions for "Dependency" folder in "GenericNavigation" target */ = {
			isa = PBXFileSystemSynchronizedBuildFileExceptionSet;
			membershipExceptions = (
				AppDependencies.swift,
				DependencyContainerProtocol.swift,
				Services/AnalyticsServiceProtocol.swift,
				Services/APIServiceProtocol.swift,
				Services/UserServiceProtocol.swift,
			);
			target = 1EB5103D2DE0A0C800B2E978 /* GenericNavigation */;
		};
/* End PBXFileSystemSynchronizedBuildFileExceptionSet section */

/* Begin PBXFileSystemSynchronizedRootGroup section */
		1E92C1342DE49CB800A87642 /* Tests */ = {
			isa = PBXFileSystemSynchronizedRootGroup;
			exceptions = (
				1E92C1362DE49D0400A87642 /* Exceptions for "Tests" folder in "GenericNavigationTests" target */,
				1E92C1382DE49D2500A87642 /* Exceptions for "Tests" folder in "GenericNavigationUITests" target */,
			);
			path = Tests;
			sourceTree = "<group>";
		};
		1EB510402DE0A0C800B2E978 /* GenericNavigation */ = {
			isa = PBXFileSystemSynchronizedRootGroup;
			exceptions = (
				1E92C12D2DE49BF800A87642 /* Exceptions for "GenericNavigation" folder in "GenericNavigation" target */,
			);
			path = GenericNavigation;
			sourceTree = "<group>";
		};
		1EB514A12DE0ADA200B2E978 /* Features */ = {
			isa = PBXFileSystemSynchronizedRootGroup;
			exceptions = (
				1EB514B32DE0B12800B2E978 /* Exceptions for "Features" folder in "GenericNavigation" target */,
			);
			path = Features;
			sourceTree = "<group>";
		};
		1EB514AA2DE0B08400B2E978 /* Root */ = {
			isa = PBXFileSystemSynchronizedRootGroup;
			exceptions = (
				1EB514AD2DE0B08D00B2E978 /* Exceptions for "Root" folder in "GenericNavigation" target */,
			);
			path = Root;
			sourceTree = "<group>";
		};
		1EB514E52DE0B42200B2E978 /* Dependency */ = {
			isa = PBXFileSystemSynchronizedRootGroup;
			exceptions = (
				1EB514E62DE0B42700B2E978 /* Exceptions for "Dependency" folder in "GenericNavigation" target */,
			);
			path = Dependency;
			sourceTree = "<group>";
		};
/* End PBXFileSystemSynchronizedRootGroup section */

/* Begin PBXFrameworksBuildPhase section */
		1EB5103B2DE0A0C800B2E978 /* Frameworks */ = {
			isa = PBXFrameworksBuildPhase;
			buildActionMask = 2147483647;
			files = (
			);
			runOnlyForDeploymentPostprocessing = 0;
		};
		1EB510482DE0A0CB00B2E978 /* Frameworks */ = {
			isa = PBXFrameworksBuildPhase;
			buildActionMask = 2147483647;
			files = (
			);
			runOnlyForDeploymentPostprocessing = 0;
		};
		1EB510522DE0A0CB00B2E978 /* Frameworks */ = {
			isa = PBXFrameworksBuildPhase;
			buildActionMask = 2147483647;
			files = (
			);
			runOnlyForDeploymentPostprocessing = 0;
		};
/* End PBXFrameworksBuildPhase section */

/* Begin PBXGroup section */
		1EB510352DE0A0C800B2E978 = {
			isa = PBXGroup;
			children = (
				1EB514E52DE0B42200B2E978 /* Dependency */,
				1EB514AA2DE0B08400B2E978 /* Root */,
				1EB514A12DE0ADA200B2E978 /* Features */,
				1EB510402DE0A0C800B2E978 /* GenericNavigation */,
				1E92C1342DE49CB800A87642 /* Tests */,
				1E285A572DE4A887004959D1 /* GenericNavigation.app */,
				1E285A582DE4A887004959D1 /* GenericNavigationTests.xctest */,
				1E285A592DE4A887004959D1 /* GenericNavigationUITests.xctest */,
			);
			sourceTree = "<group>";
		};
/* End PBXGroup section */

/* Begin PBXNativeTarget section */
		1EB5103D2DE0A0C800B2E978 /* GenericNavigation */ = {
			isa = PBXNativeTarget;
			buildConfigurationList = 1EB5105F2DE0A0CB00B2E978 /* Build configuration list for PBXNativeTarget "GenericNavigation" */;
			buildPhases = (
				1EB5103A2DE0A0C800B2E978 /* Sources */,
				1EB5103B2DE0A0C800B2E978 /* Frameworks */,
				1EB5103C2DE0A0C800B2E978 /* Resources */,
			);
			buildRules = (
			);
			dependencies = (
			);
			fileSystemSynchronizedGroups = (
				1EB510402DE0A0C800B2E978 /* GenericNavigation */,
			);
			name = GenericNavigation;
			packageProductDependencies = (
			);
			productName = GenericNavigation;
			productReference = 1E285A572DE4A887004959D1 /* GenericNavigation.app */;
			productType = "com.apple.product-type.application";
		};
		1EB5104A2DE0A0CB00B2E978 /* GenericNavigationTests */ = {
			isa = PBXNativeTarget;
			buildConfigurationList = 1EB510622DE0A0CB00B2E978 /* Build configuration list for PBXNativeTarget "GenericNavigationTests" */;
			buildPhases = (
				1EB510472DE0A0CB00B2E978 /* Sources */,
				1EB510482DE0A0CB00B2E978 /* Frameworks */,
				1EB510492DE0A0CB00B2E978 /* Resources */,
			);
			buildRules = (
			);
			dependencies = (
				1EB5104D2DE0A0CB00B2E978 /* PBXTargetDependency */,
			);
			name = GenericNavigationTests;
			packageProductDependencies = (
			);
			productName = GenericNavigationTests;
			productReference = 1E285A582DE4A887004959D1 /* GenericNavigationTests.xctest */;
			productType = "com.apple.product-type.bundle.unit-test";
		};
		1EB510542DE0A0CB00B2E978 /* GenericNavigationUITests */ = {
			isa = PBXNativeTarget;
			buildConfigurationList = 1EB510652DE0A0CB00B2E978 /* Build configuration list for PBXNativeTarget "GenericNavigationUITests" */;
			buildPhases = (
				1EB510512DE0A0CB00B2E978 /* Sources */,
				1EB510522DE0A0CB00B2E978 /* Frameworks */,
				1EB510532DE0A0CB00B2E978 /* Resources */,
			);
			buildRules = (
			);
			dependencies = (
				1EB510572DE0A0CB00B2E978 /* PBXTargetDependency */,
			);
			name = GenericNavigationUITests;
			packageProductDependencies = (
			);
			productName = GenericNavigationUITests;
			productReference = 1E285A592DE4A887004959D1 /* GenericNavigationUITests.xctest */;
			productType = "com.apple.product-type.bundle.ui-testing";
		};
/* End PBXNativeTarget section */

/* Begin PBXProject section */
		1EB510362DE0A0C800B2E978 /* Project object */ = {
			isa = PBXProject;
			attributes = {
				BuildIndependentTargetsInParallel = 1;
				LastSwiftUpdateCheck = 1630;
				LastUpgradeCheck = 1630;
				TargetAttributes = {
					1EB5103D2DE0A0C800B2E978 = {
						CreatedOnToolsVersion = 16.3;
					};
					1EB5104A2DE0A0CB00B2E978 = {
						CreatedOnToolsVersion = 16.3;
						TestTargetID = 1EB5103D2DE0A0C800B2E978;
					};
					1EB510542DE0A0CB00B2E978 = {
						CreatedOnToolsVersion = 16.3;
						TestTargetID = 1EB5103D2DE0A0C800B2E978;
					};
				};
			};
			buildConfigurationList = 1EB510392DE0A0C800B2E978 /* Build configuration list for PBXProject "GenericNavigation" */;
			developmentRegion = en;
			hasScannedForEncodings = 0;
			knownRegions = (
				en,
				Base,
			);
			mainGroup = 1EB510352DE0A0C800B2E978;
			minimizedProjectReferenceProxies = 1;
			preferredProjectObjectVersion = 77;
			productRefGroup = 1EB510352DE0A0C800B2E978;
			projectDirPath = "";
			projectRoot = "";
			targets = (
				1EB5103D2DE0A0C800B2E978 /* GenericNavigation */,
				1EB5104A2DE0A0CB00B2E978 /* GenericNavigationTests */,
				1EB510542DE0A0CB00B2E978 /* GenericNavigationUITests */,
			);
		};
/* End PBXProject section */

/* Begin PBXResourcesBuildPhase section */
		1EB5103C2DE0A0C800B2E978 /* Resources */ = {
			isa = PBXResourcesBuildPhase;
			buildActionMask = 2147483647;
			files = (
			);
			runOnlyForDeploymentPostprocessing = 0;
		};
		1EB510492DE0A0CB00B2E978 /* Resources */ = {
			isa = PBXResourcesBuildPhase;
			buildActionMask = 2147483647;
			files = (
			);
			runOnlyForDeploymentPostprocessing = 0;
		};
		1EB510532DE0A0CB00B2E978 /* Resources */ = {
			isa = PBXResourcesBuildPhase;
			buildActionMask = 2147483647;
			files = (
			);
			runOnlyForDeploymentPostprocessing = 0;
		};
/* End PBXResourcesBuildPhase section */

/* Begin PBXSourcesBuildPhase section */
		1EB5103A2DE0A0C800B2E978 /* Sources */ = {
			isa = PBXSourcesBuildPhase;
			buildActionMask = 2147483647;
			files = (
			);
			runOnlyForDeploymentPostprocessing = 0;
		};
		1EB510472DE0A0CB00B2E978 /* Sources */ = {
			isa = PBXSourcesBuildPhase;
			buildActionMask = 2147483647;
			files = (
			);
			runOnlyForDeploymentPostprocessing = 0;
		};
		1EB510512DE0A0CB00B2E978 /* Sources */ = {
			isa = PBXSourcesBuildPhase;
			buildActionMask = 2147483647;
			files = (
			);
			runOnlyForDeploymentPostprocessing = 0;
		};
/* End PBXSourcesBuildPhase section */

/* Begin PBXTargetDependency section */
		1EB5104D2DE0A0CB00B2E978 /* PBXTargetDependency */ = {
			isa = PBXTargetDependency;
			target = 1EB5103D2DE0A0C800B2E978 /* GenericNavigation */;
			targetProxy = 1EB5104C2DE0A0CB00B2E978 /* PBXContainerItemProxy */;
		};
		1EB510572DE0A0CB00B2E978 /* PBXTargetDependency */ = {
			isa = PBXTargetDependency;
			target = 1EB5103D2DE0A0C800B2E978 /* GenericNavigation */;
			targetProxy = 1EB510562DE0A0CB00B2E978 /* PBXContainerItemProxy */;
		};
/* End PBXTargetDependency section */

/* Begin XCBuildConfiguration section */
		1EB5105D2DE0A0CB00B2E978 /* Debug */ = {
			isa = XCBuildConfiguration;
			buildSettings = {
				ALWAYS_SEARCH_USER_PATHS = NO;
				ASSETCATALOG_COMPILER_GENERATE_SWIFT_ASSET_SYMBOL_EXTENSIONS = YES;
				CLANG_ANALYZER_NONNULL = YES;
				CLANG_ANALYZER_NUMBER_OBJECT_CONVERSION = YES_AGGRESSIVE;
				CLANG_CXX_LANGUAGE_STANDARD = "gnu++20";
				CLANG_ENABLE_MODULES = YES;
				CLANG_ENABLE_OBJC_ARC = YES;
				CLANG_ENABLE_OBJC_WEAK = YES;
				CLANG_WARN_BLOCK_CAPTURE_AUTORELEASING = YES;
				CLANG_WARN_BOOL_CONVERSION = YES;
				CLANG_WARN_COMMA = YES;
				CLANG_WARN_CONSTANT_CONVERSION = YES;
				CLANG_WARN_DEPRECATED_OBJC_IMPLEMENTATIONS = YES;
				CLANG_WARN_DIRECT_OBJC_ISA_USAGE = YES_ERROR;
				CLANG_WARN_DOCUMENTATION_COMMENTS = YES;
				CLANG_WARN_EMPTY_BODY = YES;
				CLANG_WARN_ENUM_CONVERSION = YES;
				CLANG_WARN_INFINITE_RECURSION = YES;
				CLANG_WARN_INT_CONVERSION = YES;
				CLANG_WARN_NON_LITERAL_NULL_CONVERSION = YES;
				CLANG_WARN_OBJC_IMPLICIT_RETAIN_SELF = YES;
				CLANG_WARN_OBJC_LITERAL_CONVERSION = YES;
				CLANG_WARN_OBJC_ROOT_CLASS = YES_ERROR;
				CLANG_WARN_QUOTED_INCLUDE_IN_FRAMEWORK_HEADER = YES;
				CLANG_WARN_RANGE_LOOP_ANALYSIS = YES;
				CLANG_WARN_STRICT_PROTOTYPES = YES;
				CLANG_WARN_SUSPICIOUS_MOVE = YES;
				CLANG_WARN_UNGUARDED_AVAILABILITY = YES_AGGRESSIVE;
				CLANG_WARN_UNREACHABLE_CODE = YES;
				CLANG_WARN__DUPLICATE_METHOD_MATCH = YES;
				COPY_PHASE_STRIP = NO;
				DEBUG_INFORMATION_FORMAT = dwarf;
				DEVELOPMENT_TEAM = 6NDRN8ASFY;
				ENABLE_STRICT_OBJC_MSGSEND = YES;
				ENABLE_TESTABILITY = YES;
				ENABLE_USER_SCRIPT_SANDBOXING = YES;
				GCC_C_LANGUAGE_STANDARD = gnu17;
				GCC_DYNAMIC_NO_PIC = NO;
				GCC_NO_COMMON_BLOCKS = YES;
				GCC_OPTIMIZATION_LEVEL = 0;
				GCC_PREPROCESSOR_DEFINITIONS = (
					"DEBUG=1",
					"$(inherited)",
				);
				GCC_WARN_64_TO_32_BIT_CONVERSION = YES;
				GCC_WARN_ABOUT_RETURN_TYPE = YES_ERROR;
				GCC_WARN_UNDECLARED_SELECTOR = YES;
				GCC_WARN_UNINITIALIZED_AUTOS = YES_AGGRESSIVE;
				GCC_WARN_UNUSED_FUNCTION = YES;
				GCC_WARN_UNUSED_VARIABLE = YES;
				IPHONEOS_DEPLOYMENT_TARGET = 18.4;
				LOCALIZATION_PREFERS_STRING_CATALOGS = YES;
				MTL_ENABLE_DEBUG_INFO = INCLUDE_SOURCE;
				MTL_FAST_MATH = YES;
				ONLY_ACTIVE_ARCH = YES;
				SDKROOT = iphoneos;
				SWIFT_ACTIVE_COMPILATION_CONDITIONS = "DEBUG $(inherited)";
				SWIFT_OPTIMIZATION_LEVEL = "-Onone";
				SWIFT_VERSION = 6.0;
			};
			name = Debug;
		};
		1EB5105E2DE0A0CB00B2E978 /* Release */ = {
			isa = XCBuildConfiguration;
			buildSettings = {
				ALWAYS_SEARCH_USER_PATHS = NO;
				ASSETCATALOG_COMPILER_GENERATE_SWIFT_ASSET_SYMBOL_EXTENSIONS = YES;
				CLANG_ANALYZER_NONNULL = YES;
				CLANG_ANALYZER_NUMBER_OBJECT_CONVERSION = YES_AGGRESSIVE;
				CLANG_CXX_LANGUAGE_STANDARD = "gnu++20";
				CLANG_ENABLE_MODULES = YES;
				CLANG_ENABLE_OBJC_ARC = YES;
				CLANG_ENABLE_OBJC_WEAK = YES;
				CLANG_WARN_BLOCK_CAPTURE_AUTORELEASING = YES;
				CLANG_WARN_BOOL_CONVERSION = YES;
				CLANG_WARN_COMMA = YES;
				CLANG_WARN_CONSTANT_CONVERSION = YES;
				CLANG_WARN_DEPRECATED_OBJC_IMPLEMENTATIONS = YES;
				CLANG_WARN_DIRECT_OBJC_ISA_USAGE = YES_ERROR;
				CLANG_WARN_DOCUMENTATION_COMMENTS = YES;
				CLANG_WARN_EMPTY_BODY = YES;
				CLANG_WARN_ENUM_CONVERSION = YES;
				CLANG_WARN_INFINITE_RECURSION = YES;
				CLANG_WARN_INT_CONVERSION = YES;
				CLANG_WARN_NON_LITERAL_NULL_CONVERSION = YES;
				CLANG_WARN_OBJC_IMPLICIT_RETAIN_SELF = YES;
				CLANG_WARN_OBJC_LITERAL_CONVERSION = YES;
				CLANG_WARN_OBJC_ROOT_CLASS = YES_ERROR;
				CLANG_WARN_QUOTED_INCLUDE_IN_FRAMEWORK_HEADER = YES;
				CLANG_WARN_RANGE_LOOP_ANALYSIS = YES;
				CLANG_WARN_STRICT_PROTOTYPES = YES;
				CLANG_WARN_SUSPICIOUS_MOVE = YES;
				CLANG_WARN_UNGUARDED_AVAILABILITY = YES_AGGRESSIVE;
				CLANG_WARN_UNREACHABLE_CODE = YES;
				CLANG_WARN__DUPLICATE_METHOD_MATCH = YES;
				COPY_PHASE_STRIP = NO;
				DEBUG_INFORMATION_FORMAT = "dwarf-with-dsym";
				DEVELOPMENT_TEAM = 6NDRN8ASFY;
				ENABLE_NS_ASSERTIONS = NO;
				ENABLE_STRICT_OBJC_MSGSEND = YES;
				ENABLE_USER_SCRIPT_SANDBOXING = YES;
				GCC_C_LANGUAGE_STANDARD = gnu17;
				GCC_NO_COMMON_BLOCKS = YES;
				GCC_WARN_64_TO_32_BIT_CONVERSION = YES;
				GCC_WARN_ABOUT_RETURN_TYPE = YES_ERROR;
				GCC_WARN_UNDECLARED_SELECTOR = YES;
				GCC_WARN_UNINITIALIZED_AUTOS = YES_AGGRESSIVE;
				GCC_WARN_UNUSED_FUNCTION = YES;
				GCC_WARN_UNUSED_VARIABLE = YES;
				IPHONEOS_DEPLOYMENT_TARGET = 18.4;
				LOCALIZATION_PREFERS_STRING_CATALOGS = YES;
				MTL_ENABLE_DEBUG_INFO = NO;
				MTL_FAST_MATH = YES;
				SDKROOT = iphoneos;
				SWIFT_COMPILATION_MODE = wholemodule;
				SWIFT_VERSION = 6.0;
				VALIDATE_PRODUCT = YES;
			};
			name = Release;
		};
		1EB510602DE0A0CB00B2E978 /* Debug */ = {
			isa = XCBuildConfiguration;
			buildSettings = {
				ASSETCATALOG_COMPILER_APPICON_NAME = AppIcon;
				ASSETCATALOG_COMPILER_GLOBAL_ACCENT_COLOR_NAME = AccentColor;
				CODE_SIGN_STYLE = Automatic;
				CURRENT_PROJECT_VERSION = 1;
				DEVELOPMENT_TEAM = 6NDRN8ASFY;
				ENABLE_PREVIEWS = YES;
				GENERATE_INFOPLIST_FILE = YES;
				INFOPLIST_FILE = GenericNavigation/Info.plist;
				INFOPLIST_KEY_UIApplicationSceneManifest_Generation = YES;
				INFOPLIST_KEY_UIApplicationSupportsIndirectInputEvents = YES;
				INFOPLIST_KEY_UILaunchScreen_Generation = YES;
				INFOPLIST_KEY_UISupportedInterfaceOrientations_iPad = "UIInterfaceOrientationPortrait UIInterfaceOrientationPortraitUpsideDown UIInterfaceOrientationLandscapeLeft UIInterfaceOrientationLandscapeRight";
				INFOPLIST_KEY_UISupportedInterfaceOrientations_iPhone = "UIInterfaceOrientationPortrait UIInterfaceOrientationLandscapeLeft UIInterfaceOrientationLandscapeRight";
				LD_RUNPATH_SEARCH_PATHS = (
					"$(inherited)",
					"@executable_path/Frameworks",
				);
				MARKETING_VERSION = 1.0;
				PRODUCT_BUNDLE_IDENTIFIER = GenericNavigation.GenericNavigation;
				PRODUCT_NAME = "$(TARGET_NAME)";
				SUPPORTED_PLATFORMS = "iphoneos iphonesimulator";
				SUPPORTS_MACCATALYST = NO;
				SUPPORTS_MAC_DESIGNED_FOR_IPHONE_IPAD = NO;
				SUPPORTS_XR_DESIGNED_FOR_IPHONE_IPAD = NO;
				SWIFT_EMIT_LOC_STRINGS = YES;
				SWIFT_VERSION = 5.0;
				TARGETED_DEVICE_FAMILY = 1;
			};
			name = Debug;
		};
		1EB510612DE0A0CB00B2E978 /* Release */ = {
			isa = XCBuildConfiguration;
			buildSettings = {
				ASSETCATALOG_COMPILER_APPICON_NAME = AppIcon;
				ASSETCATALOG_COMPILER_GLOBAL_ACCENT_COLOR_NAME = AccentColor;
				CODE_SIGN_STYLE = Automatic;
				CURRENT_PROJECT_VERSION = 1;
				DEVELOPMENT_TEAM = 6NDRN8ASFY;
				ENABLE_PREVIEWS = YES;
				GENERATE_INFOPLIST_FILE = YES;
				INFOPLIST_FILE = GenericNavigation/Info.plist;
				INFOPLIST_KEY_UIApplicationSceneManifest_Generation = YES;
				INFOPLIST_KEY_UIApplicationSupportsIndirectInputEvents = YES;
				INFOPLIST_KEY_UILaunchScreen_Generation = YES;
				INFOPLIST_KEY_UISupportedInterfaceOrientations_iPad = "UIInterfaceOrientationPortrait UIInterfaceOrientationPortraitUpsideDown UIInterfaceOrientationLandscapeLeft UIInterfaceOrientationLandscapeRight";
				INFOPLIST_KEY_UISupportedInterfaceOrientations_iPhone = "UIInterfaceOrientationPortrait UIInterfaceOrientationLandscapeLeft UIInterfaceOrientationLandscapeRight";
				LD_RUNPATH_SEARCH_PATHS = (
					"$(inherited)",
					"@executable_path/Frameworks",
				);
				MARKETING_VERSION = 1.0;
				PRODUCT_BUNDLE_IDENTIFIER = GenericNavigation.GenericNavigation;
				PRODUCT_NAME = "$(TARGET_NAME)";
				SUPPORTED_PLATFORMS = "iphoneos iphonesimulator";
				SUPPORTS_MACCATALYST = NO;
				SUPPORTS_MAC_DESIGNED_FOR_IPHONE_IPAD = NO;
				SUPPORTS_XR_DESIGNED_FOR_IPHONE_IPAD = NO;
				SWIFT_EMIT_LOC_STRINGS = YES;
				SWIFT_VERSION = 5.0;
				TARGETED_DEVICE_FAMILY = 1;
			};
			name = Release;
		};
		1EB510632DE0A0CB00B2E978 /* Debug */ = {
			isa = XCBuildConfiguration;
			buildSettings = {
				BUNDLE_LOADER = "$(TEST_HOST)";
				CODE_SIGN_STYLE = Automatic;
				CURRENT_PROJECT_VERSION = 1;
				DEVELOPMENT_TEAM = 6NDRN8ASFY;
				GENERATE_INFOPLIST_FILE = YES;
				IPHONEOS_DEPLOYMENT_TARGET = 18.4;
				MARKETING_VERSION = 1.0;
				PRODUCT_BUNDLE_IDENTIFIER = GenericNavigation.GenericNavigationTests;
				PRODUCT_NAME = "$(TARGET_NAME)";
				SWIFT_EMIT_LOC_STRINGS = NO;
				SWIFT_VERSION = 5.0;
				TARGETED_DEVICE_FAMILY = "1,2";
				TEST_HOST = "$(BUILT_PRODUCTS_DIR)/GenericNavigation.app/$(BUNDLE_EXECUTABLE_FOLDER_PATH)/GenericNavigation";
			};
			name = Debug;
		};
		1EB510642DE0A0CB00B2E978 /* Release */ = {
			isa = XCBuildConfiguration;
			buildSettings = {
				BUNDLE_LOADER = "$(TEST_HOST)";
				CODE_SIGN_STYLE = Automatic;
				CURRENT_PROJECT_VERSION = 1;
				DEVELOPMENT_TEAM = 6NDRN8ASFY;
				GENERATE_INFOPLIST_FILE = YES;
				IPHONEOS_DEPLOYMENT_TARGET = 18.4;
				MARKETING_VERSION = 1.0;
				PRODUCT_BUNDLE_IDENTIFIER = GenericNavigation.GenericNavigationTests;
				PRODUCT_NAME = "$(TARGET_NAME)";
				SWIFT_EMIT_LOC_STRINGS = NO;
				SWIFT_VERSION = 5.0;
				TARGETED_DEVICE_FAMILY = "1,2";
				TEST_HOST = "$(BUILT_PRODUCTS_DIR)/GenericNavigation.app/$(BUNDLE_EXECUTABLE_FOLDER_PATH)/GenericNavigation";
			};
			name = Release;
		};
		1EB510662DE0A0CB00B2E978 /* Debug */ = {
			isa = XCBuildConfiguration;
			buildSettings = {
				CODE_SIGN_STYLE = Automatic;
				CURRENT_PROJECT_VERSION = 1;
				DEVELOPMENT_TEAM = 6NDRN8ASFY;
				GENERATE_INFOPLIST_FILE = YES;
				MARKETING_VERSION = 1.0;
				PRODUCT_BUNDLE_IDENTIFIER = GenericNavigation.GenericNavigationUITests;
				PRODUCT_NAME = "$(TARGET_NAME)";
				SWIFT_EMIT_LOC_STRINGS = NO;
				SWIFT_VERSION = 5.0;
				TARGETED_DEVICE_FAMILY = "1,2";
				TEST_TARGET_NAME = GenericNavigation;
			};
			name = Debug;
		};
		1EB510672DE0A0CB00B2E978 /* Release */ = {
			isa = XCBuildConfiguration;
			buildSettings = {
				CODE_SIGN_STYLE = Automatic;
				CURRENT_PROJECT_VERSION = 1;
				DEVELOPMENT_TEAM = 6NDRN8ASFY;
				GENERATE_INFOPLIST_FILE = YES;
				MARKETING_VERSION = 1.0;
				PRODUCT_BUNDLE_IDENTIFIER = GenericNavigation.GenericNavigationUITests;
				PRODUCT_NAME = "$(TARGET_NAME)";
				SWIFT_EMIT_LOC_STRINGS = NO;
				SWIFT_VERSION = 5.0;
				TARGETED_DEVICE_FAMILY = "1,2";
				TEST_TARGET_NAME = GenericNavigation;
			};
			name = Release;
		};
/* End XCBuildConfiguration section */

/* Begin XCConfigurationList section */
		1EB510392DE0A0C800B2E978 /* Build configuration list for PBXProject "GenericNavigation" */ = {
			isa = XCConfigurationList;
			buildConfigurations = (
				1EB5105D2DE0A0CB00B2E978 /* Debug */,
				1EB5105E2DE0A0CB00B2E978 /* Release */,
			);
			defaultConfigurationIsVisible = 0;
			defaultConfigurationName = Release;
		};
		1EB5105F2DE0A0CB00B2E978 /* Build configuration list for PBXNativeTarget "GenericNavigation" */ = {
			isa = XCConfigurationList;
			buildConfigurations = (
				1EB510602DE0A0CB00B2E978 /* Debug */,
				1EB510612DE0A0CB00B2E978 /* Release */,
			);
			defaultConfigurationIsVisible = 0;
			defaultConfigurationName = Release;
		};
		1EB510622DE0A0CB00B2E978 /* Build configuration list for PBXNativeTarget "GenericNavigationTests" */ = {
			isa = XCConfigurationList;
			buildConfigurations = (
				1EB510632DE0A0CB00B2E978 /* Debug */,
				1EB510642DE0A0CB00B2E978 /* Release */,
			);
			defaultConfigurationIsVisible = 0;
			defaultConfigurationName = Release;
		};
		1EB510652DE0A0CB00B2E978 /* Build configuration list for PBXNativeTarget "GenericNavigationUITests" */ = {
			isa = XCConfigurationList;
			buildConfigurations = (
				1EB510662DE0A0CB00B2E978 /* Debug */,
				1EB510672DE0A0CB00B2E978 /* Release */,
			);
			defaultConfigurationIsVisible = 0;
			defaultConfigurationName = Release;
		};
/* End XCConfigurationList section */
	};
	rootObject = 1EB510362DE0A0C800B2E978 /* Project object */;
}
